// !$*UTF8*$!
{
	archiveVersion = 1;
	classes = {
	};
	objectVersion = 56;
	objects = {

/* Begin PBXBuildFile section */
		042109A129BB66EE00DC58FF /* PlanDetailViewController.swift in Sources */ = {isa = PBXBuildFile; fileRef = 042109A029BB66EE00DC58FF /* PlanDetailViewController.swift */; };
		04428E5029F04238004AD42B /* Journal+CoreDataClass.swift in Sources */ = {isa = PBXBuildFile; fileRef = 04428E4E29F04238004AD42B /* Journal+CoreDataClass.swift */; };
		04428E5129F04238004AD42B /* Journal+CoreDataProperties.swift in Sources */ = {isa = PBXBuildFile; fileRef = 04428E4F29F04238004AD42B /* Journal+CoreDataProperties.swift */; };
		04F10DC329BB764A000F9B88 /* PlanNewViewController.swift in Sources */ = {isa = PBXBuildFile; fileRef = 04F10DC229BB764A000F9B88 /* PlanNewViewController.swift */; };
		B5071F0729B8F91100F6DFEA /* MapViewController.swift in Sources */ = {isa = PBXBuildFile; fileRef = B5071F0629B8F91100F6DFEA /* MapViewController.swift */; };
		B5071F0929B8F92E00F6DFEA /* JournalViewController.swift in Sources */ = {isa = PBXBuildFile; fileRef = B5071F0829B8F92E00F6DFEA /* JournalViewController.swift */; };
		B5071F0B29B8F94A00F6DFEA /* PlanViewController.swift in Sources */ = {isa = PBXBuildFile; fileRef = B5071F0A29B8F94A00F6DFEA /* PlanViewController.swift */; };
		B5071F0D29B8F96600F6DFEA /* CustomTabBarController.swift in Sources */ = {isa = PBXBuildFile; fileRef = B5071F0C29B8F96600F6DFEA /* CustomTabBarController.swift */; };
		B919D10229BB57D800AF862B /* JournalDetailViewController.swift in Sources */ = {isa = PBXBuildFile; fileRef = B919D10129BB57D800AF862B /* JournalDetailViewController.swift */; };
		B956069929B0F06800F95F78 /* AppDelegate.swift in Sources */ = {isa = PBXBuildFile; fileRef = B956069829B0F06800F95F78 /* AppDelegate.swift */; };
		B956069B29B0F06800F95F78 /* SceneDelegate.swift in Sources */ = {isa = PBXBuildFile; fileRef = B956069A29B0F06800F95F78 /* SceneDelegate.swift */; };
		B95606A029B0F06800F95F78 /* Main.storyboard in Resources */ = {isa = PBXBuildFile; fileRef = B956069E29B0F06800F95F78 /* Main.storyboard */; };
		B95606A329B0F06800F95F78 /* AppPrototype.xcdatamodeld in Sources */ = {isa = PBXBuildFile; fileRef = B95606A129B0F06800F95F78 /* AppPrototype.xcdatamodeld */; };
		B95606A529B0F06800F95F78 /* Assets.xcassets in Resources */ = {isa = PBXBuildFile; fileRef = B95606A429B0F06800F95F78 /* Assets.xcassets */; };
		B95606A829B0F06800F95F78 /* LaunchScreen.storyboard in Resources */ = {isa = PBXBuildFile; fileRef = B95606A629B0F06800F95F78 /* LaunchScreen.storyboard */; };
		B95AA13029BF6A4100C894DA /* JournalEntryViewController.swift in Sources */ = {isa = PBXBuildFile; fileRef = B95AA12F29BF6A4100C894DA /* JournalEntryViewController.swift */; };
		E77BF54729EDB9E90073DB30 /* InitialViewController.swift in Sources */ = {isa = PBXBuildFile; fileRef = E77BF54629EDB9E90073DB30 /* InitialViewController.swift */; };
/* End PBXBuildFile section */

/* Begin PBXFileReference section */
		042109A029BB66EE00DC58FF /* PlanDetailViewController.swift */ = {isa = PBXFileReference; lastKnownFileType = sourcecode.swift; path = PlanDetailViewController.swift; sourceTree = "<group>"; };
		04428E4E29F04238004AD42B /* Journal+CoreDataClass.swift */ = {isa = PBXFileReference; lastKnownFileType = sourcecode.swift; path = "Journal+CoreDataClass.swift"; sourceTree = "<group>"; };
		04428E4F29F04238004AD42B /* Journal+CoreDataProperties.swift */ = {isa = PBXFileReference; lastKnownFileType = sourcecode.swift; path = "Journal+CoreDataProperties.swift"; sourceTree = "<group>"; };
		04F10DC229BB764A000F9B88 /* PlanNewViewController.swift */ = {isa = PBXFileReference; lastKnownFileType = sourcecode.swift; path = PlanNewViewController.swift; sourceTree = "<group>"; };
		B5071F0629B8F91100F6DFEA /* MapViewController.swift */ = {isa = PBXFileReference; lastKnownFileType = sourcecode.swift; path = MapViewController.swift; sourceTree = "<group>"; };
		B5071F0829B8F92E00F6DFEA /* JournalViewController.swift */ = {isa = PBXFileReference; lastKnownFileType = sourcecode.swift; path = JournalViewController.swift; sourceTree = "<group>"; };
		B5071F0A29B8F94A00F6DFEA /* PlanViewController.swift */ = {isa = PBXFileReference; lastKnownFileType = sourcecode.swift; path = PlanViewController.swift; sourceTree = "<group>"; };
		B5071F0C29B8F96600F6DFEA /* CustomTabBarController.swift */ = {isa = PBXFileReference; lastKnownFileType = sourcecode.swift; path = CustomTabBarController.swift; sourceTree = "<group>"; };
		B919D10129BB57D800AF862B /* JournalDetailViewController.swift */ = {isa = PBXFileReference; lastKnownFileType = sourcecode.swift; path = JournalDetailViewController.swift; sourceTree = "<group>"; };
		B956069529B0F06800F95F78 /* AppPrototype.app */ = {isa = PBXFileReference; explicitFileType = wrapper.application; includeInIndex = 0; path = AppPrototype.app; sourceTree = BUILT_PRODUCTS_DIR; };
		B956069829B0F06800F95F78 /* AppDelegate.swift */ = {isa = PBXFileReference; lastKnownFileType = sourcecode.swift; path = AppDelegate.swift; sourceTree = "<group>"; };
		B956069A29B0F06800F95F78 /* SceneDelegate.swift */ = {isa = PBXFileReference; lastKnownFileType = sourcecode.swift; path = SceneDelegate.swift; sourceTree = "<group>"; };
		B956069F29B0F06800F95F78 /* Base */ = {isa = PBXFileReference; lastKnownFileType = file.storyboard; name = Base; path = Base.lproj/Main.storyboard; sourceTree = "<group>"; };
		B95606A229B0F06800F95F78 /* AppPrototype.xcdatamodel */ = {isa = PBXFileReference; lastKnownFileType = wrapper.xcdatamodel; path = AppPrototype.xcdatamodel; sourceTree = "<group>"; };
		B95606A429B0F06800F95F78 /* Assets.xcassets */ = {isa = PBXFileReference; lastKnownFileType = folder.assetcatalog; path = Assets.xcassets; sourceTree = "<group>"; };
		B95606A729B0F06800F95F78 /* Base */ = {isa = PBXFileReference; lastKnownFileType = file.storyboard; name = Base; path = Base.lproj/LaunchScreen.storyboard; sourceTree = "<group>"; };
		B95606A929B0F06800F95F78 /* Info.plist */ = {isa = PBXFileReference; lastKnownFileType = text.plist.xml; path = Info.plist; sourceTree = "<group>"; };
		B95AA12F29BF6A4100C894DA /* JournalEntryViewController.swift */ = {isa = PBXFileReference; lastKnownFileType = sourcecode.swift; path = JournalEntryViewController.swift; sourceTree = "<group>"; };
		E77BF54629EDB9E90073DB30 /* InitialViewController.swift */ = {isa = PBXFileReference; lastKnownFileType = sourcecode.swift; path = InitialViewController.swift; sourceTree = "<group>"; };
/* End PBXFileReference section */

/* Begin PBXFrameworksBuildPhase section */
		B956069229B0F06800F95F78 /* Frameworks */ = {
			isa = PBXFrameworksBuildPhase;
			buildActionMask = 2147483647;
			files = (
			);
			runOnlyForDeploymentPostprocessing = 0;
		};
/* End PBXFrameworksBuildPhase section */

/* Begin PBXGroup section */
		B956068C29B0F06800F95F78 = {
			isa = PBXGroup;
			children = (
				B956069729B0F06800F95F78 /* AppPrototype */,
				B956069629B0F06800F95F78 /* Products */,
			);
			sourceTree = "<group>";
		};
		B956069629B0F06800F95F78 /* Products */ = {
			isa = PBXGroup;
			children = (
				B956069529B0F06800F95F78 /* AppPrototype.app */,
			);
			name = Products;
			sourceTree = "<group>";
		};
		B956069729B0F06800F95F78 /* AppPrototype */ = {
			isa = PBXGroup;
			children = (
				B5071F0629B8F91100F6DFEA /* MapViewController.swift */,
				B5071F0829B8F92E00F6DFEA /* JournalViewController.swift */,
				B919D10129BB57D800AF862B /* JournalDetailViewController.swift */,
				B95AA12F29BF6A4100C894DA /* JournalEntryViewController.swift */,
				B5071F0A29B8F94A00F6DFEA /* PlanViewController.swift */,
				042109A029BB66EE00DC58FF /* PlanDetailViewController.swift */,
				04F10DC229BB764A000F9B88 /* PlanNewViewController.swift */,
				B5071F0C29B8F96600F6DFEA /* CustomTabBarController.swift */,
				B956069829B0F06800F95F78 /* AppDelegate.swift */,
				B956069A29B0F06800F95F78 /* SceneDelegate.swift */,
				E77BF54629EDB9E90073DB30 /* InitialViewController.swift */,
				B956069E29B0F06800F95F78 /* Main.storyboard */,
				B95606A429B0F06800F95F78 /* Assets.xcassets */,
				B95606A629B0F06800F95F78 /* LaunchScreen.storyboard */,
				B95606A929B0F06800F95F78 /* Info.plist */,
				B95606A129B0F06800F95F78 /* AppPrototype.xcdatamodeld */,
				04428E4E29F04238004AD42B /* Journal+CoreDataClass.swift */,
				04428E4F29F04238004AD42B /* Journal+CoreDataProperties.swift */,
			);
			path = AppPrototype;
			sourceTree = "<group>";
		};
/* End PBXGroup section */

/* Begin PBXNativeTarget section */
		B956069429B0F06800F95F78 /* AppPrototype */ = {
			isa = PBXNativeTarget;
			buildConfigurationList = B95606AC29B0F06800F95F78 /* Build configuration list for PBXNativeTarget "AppPrototype" */;
			buildPhases = (
				B956069129B0F06800F95F78 /* Sources */,
				B956069229B0F06800F95F78 /* Frameworks */,
				B956069329B0F06800F95F78 /* Resources */,
			);
			buildRules = (
			);
			dependencies = (
			);
			name = AppPrototype;
			productName = AppPrototype;
			productReference = B956069529B0F06800F95F78 /* AppPrototype.app */;
			productType = "com.apple.product-type.application";
		};
/* End PBXNativeTarget section */

/* Begin PBXProject section */
		B956068D29B0F06800F95F78 /* Project object */ = {
			isa = PBXProject;
			attributes = {
				BuildIndependentTargetsInParallel = 1;
				LastSwiftUpdateCheck = 1400;
				LastUpgradeCheck = 1400;
				TargetAttributes = {
					B956069429B0F06800F95F78 = {
						CreatedOnToolsVersion = 14.0.1;
					};
				};
			};
			buildConfigurationList = B956069029B0F06800F95F78 /* Build configuration list for PBXProject "AppPrototype" */;
			compatibilityVersion = "Xcode 14.0";
			developmentRegion = en;
			hasScannedForEncodings = 0;
			knownRegions = (
				en,
				Base,
			);
			mainGroup = B956068C29B0F06800F95F78;
			productRefGroup = B956069629B0F06800F95F78 /* Products */;
			projectDirPath = "";
			projectRoot = "";
			targets = (
				B956069429B0F06800F95F78 /* AppPrototype */,
			);
		};
/* End PBXProject section */

/* Begin PBXResourcesBuildPhase section */
		B956069329B0F06800F95F78 /* Resources */ = {
			isa = PBXResourcesBuildPhase;
			buildActionMask = 2147483647;
			files = (
				B95606A829B0F06800F95F78 /* LaunchScreen.storyboard in Resources */,
				B95606A529B0F06800F95F78 /* Assets.xcassets in Resources */,
				B95606A029B0F06800F95F78 /* Main.storyboard in Resources */,
			);
			runOnlyForDeploymentPostprocessing = 0;
		};
/* End PBXResourcesBuildPhase section */

/* Begin PBXSourcesBuildPhase section */
		B956069129B0F06800F95F78 /* Sources */ = {
			isa = PBXSourcesBuildPhase;
			buildActionMask = 2147483647;
			files = (
				B95606A329B0F06800F95F78 /* AppPrototype.xcdatamodeld in Sources */,
				B95AA13029BF6A4100C894DA /* JournalEntryViewController.swift in Sources */,
				B5071F0D29B8F96600F6DFEA /* CustomTabBarController.swift in Sources */,
				E77BF54729EDB9E90073DB30 /* InitialViewController.swift in Sources */,
				B5071F0B29B8F94A00F6DFEA /* PlanViewController.swift in Sources */,
				04428E5029F04238004AD42B /* Journal+CoreDataClass.swift in Sources */,
				04428E5129F04238004AD42B /* Journal+CoreDataProperties.swift in Sources */,
				B919D10229BB57D800AF862B /* JournalDetailViewController.swift in Sources */,
				04F10DC329BB764A000F9B88 /* PlanNewViewController.swift in Sources */,
				B5071F0929B8F92E00F6DFEA /* JournalViewController.swift in Sources */,
				B956069929B0F06800F95F78 /* AppDelegate.swift in Sources */,
				B956069B29B0F06800F95F78 /* SceneDelegate.swift in Sources */,
				B5071F0729B8F91100F6DFEA /* MapViewController.swift in Sources */,
				042109A129BB66EE00DC58FF /* PlanDetailViewController.swift in Sources */,
			);
			runOnlyForDeploymentPostprocessing = 0;
		};
/* End PBXSourcesBuildPhase section */

/* Begin PBXVariantGroup section */
		B956069E29B0F06800F95F78 /* Main.storyboard */ = {
			isa = PBXVariantGroup;
			children = (
				B956069F29B0F06800F95F78 /* Base */,
			);
			name = Main.storyboard;
			sourceTree = "<group>";
		};
		B95606A629B0F06800F95F78 /* LaunchScreen.storyboard */ = {
			isa = PBXVariantGroup;
			children = (
				B95606A729B0F06800F95F78 /* Base */,
			);
			name = LaunchScreen.storyboard;
			sourceTree = "<group>";
		};
/* End PBXVariantGroup section */

/* Begin XCBuildConfiguration section */
		B95606AA29B0F06800F95F78 /* Debug */ = {
			isa = XCBuildConfiguration;
			buildSettings = {
				ALWAYS_SEARCH_USER_PATHS = NO;
				CLANG_ANALYZER_NONNULL = YES;
				CLANG_ANALYZER_NUMBER_OBJECT_CONVERSION = YES_AGGRESSIVE;
				CLANG_CXX_LANGUAGE_STANDARD = "gnu++20";
				CLANG_ENABLE_MODULES = YES;
				CLANG_ENABLE_OBJC_ARC = YES;
				CLANG_ENABLE_OBJC_WEAK = YES;
				CLANG_WARN_BLOCK_CAPTURE_AUTORELEASING = YES;
				CLANG_WARN_BOOL_CONVERSION = YES;
				CLANG_WARN_COMMA = YES;
				CLANG_WARN_CONSTANT_CONVERSION = YES;
				CLANG_WARN_DEPRECATED_OBJC_IMPLEMENTATIONS = YES;
				CLANG_WARN_DIRECT_OBJC_ISA_USAGE = YES_ERROR;
				CLANG_WARN_DOCUMENTATION_COMMENTS = YES;
				CLANG_WARN_EMPTY_BODY = YES;
				CLANG_WARN_ENUM_CONVERSION = YES;
				CLANG_WARN_INFINITE_RECURSION = YES;
				CLANG_WARN_INT_CONVERSION = YES;
				CLANG_WARN_NON_LITERAL_NULL_CONVERSION = YES;
				CLANG_WARN_OBJC_IMPLICIT_RETAIN_SELF = YES;
				CLANG_WARN_OBJC_LITERAL_CONVERSION = YES;
				CLANG_WARN_OBJC_ROOT_CLASS = YES_ERROR;
				CLANG_WARN_QUOTED_INCLUDE_IN_FRAMEWORK_HEADER = YES;
				CLANG_WARN_RANGE_LOOP_ANALYSIS = YES;
				CLANG_WARN_STRICT_PROTOTYPES = YES;
				CLANG_WARN_SUSPICIOUS_MOVE = YES;
				CLANG_WARN_UNGUARDED_AVAILABILITY = YES_AGGRESSIVE;
				CLANG_WARN_UNREACHABLE_CODE = YES;
				CLANG_WARN__DUPLICATE_METHOD_MATCH = YES;
				COPY_PHASE_STRIP = NO;
				DEBUG_INFORMATION_FORMAT = dwarf;
				ENABLE_STRICT_OBJC_MSGSEND = YES;
				ENABLE_TESTABILITY = YES;
				GCC_C_LANGUAGE_STANDARD = gnu11;
				GCC_DYNAMIC_NO_PIC = NO;
				GCC_NO_COMMON_BLOCKS = YES;
				GCC_OPTIMIZATION_LEVEL = 0;
				GCC_PREPROCESSOR_DEFINITIONS = (
					"DEBUG=1",
					"$(inherited)",
				);
				GCC_WARN_64_TO_32_BIT_CONVERSION = YES;
				GCC_WARN_ABOUT_RETURN_TYPE = YES_ERROR;
				GCC_WARN_UNDECLARED_SELECTOR = YES;
				GCC_WARN_UNINITIALIZED_AUTOS = YES_AGGRESSIVE;
				GCC_WARN_UNUSED_FUNCTION = YES;
				GCC_WARN_UNUSED_VARIABLE = YES;
				IPHONEOS_DEPLOYMENT_TARGET = 16.0;
				MTL_ENABLE_DEBUG_INFO = INCLUDE_SOURCE;
				MTL_FAST_MATH = YES;
				ONLY_ACTIVE_ARCH = YES;
				SDKROOT = iphoneos;
				SWIFT_ACTIVE_COMPILATION_CONDITIONS = DEBUG;
				SWIFT_OPTIMIZATION_LEVEL = "-Onone";
			};
			name = Debug;
		};
		B95606AB29B0F06800F95F78 /* Release */ = {
			isa = XCBuildConfiguration;
			buildSettings = {
				ALWAYS_SEARCH_USER_PATHS = NO;
				CLANG_ANALYZER_NONNULL = YES;
				CLANG_ANALYZER_NUMBER_OBJECT_CONVERSION = YES_AGGRESSIVE;
				CLANG_CXX_LANGUAGE_STANDARD = "gnu++20";
				CLANG_ENABLE_MODULES = YES;
				CLANG_ENABLE_OBJC_ARC = YES;
				CLANG_ENABLE_OBJC_WEAK = YES;
				CLANG_WARN_BLOCK_CAPTURE_AUTORELEASING = YES;
				CLANG_WARN_BOOL_CONVERSION = YES;
				CLANG_WARN_COMMA = YES;
				CLANG_WARN_CONSTANT_CONVERSION = YES;
				CLANG_WARN_DEPRECATED_OBJC_IMPLEMENTATIONS = YES;
				CLANG_WARN_DIRECT_OBJC_ISA_USAGE = YES_ERROR;
				CLANG_WARN_DOCUMENTATION_COMMENTS = YES;
				CLANG_WARN_EMPTY_BODY = YES;
				CLANG_WARN_ENUM_CONVERSION = YES;
				CLANG_WARN_INFINITE_RECURSION = YES;
				CLANG_WARN_INT_CONVERSION = YES;
				CLANG_WARN_NON_LITERAL_NULL_CONVERSION = YES;
				CLANG_WARN_OBJC_IMPLICIT_RETAIN_SELF = YES;
				CLANG_WARN_OBJC_LITERAL_CONVERSION = YES;
				CLANG_WARN_OBJC_ROOT_CLASS = YES_ERROR;
				CLANG_WARN_QUOTED_INCLUDE_IN_FRAMEWORK_HEADER = YES;
				CLANG_WARN_RANGE_LOOP_ANALYSIS = YES;
				CLANG_WARN_STRICT_PROTOTYPES = YES;
				CLANG_WARN_SUSPICIOUS_MOVE = YES;
				CLANG_WARN_UNGUARDED_AVAILABILITY = YES_AGGRESSIVE;
				CLANG_WARN_UNREACHABLE_CODE = YES;
				CLANG_WARN__DUPLICATE_METHOD_MATCH = YES;
				COPY_PHASE_STRIP = NO;
				DEBUG_INFORMATION_FORMAT = "dwarf-with-dsym";
				ENABLE_NS_ASSERTIONS = NO;
				ENABLE_STRICT_OBJC_MSGSEND = YES;
				GCC_C_LANGUAGE_STANDARD = gnu11;
				GCC_NO_COMMON_BLOCKS = YES;
				GCC_WARN_64_TO_32_BIT_CONVERSION = YES;
				GCC_WARN_ABOUT_RETURN_TYPE = YES_ERROR;
				GCC_WARN_UNDECLARED_SELECTOR = YES;
				GCC_WARN_UNINITIALIZED_AUTOS = YES_AGGRESSIVE;
				GCC_WARN_UNUSED_FUNCTION = YES;
				GCC_WARN_UNUSED_VARIABLE = YES;
				IPHONEOS_DEPLOYMENT_TARGET = 16.0;
				MTL_ENABLE_DEBUG_INFO = NO;
				MTL_FAST_MATH = YES;
				SDKROOT = iphoneos;
				SWIFT_COMPILATION_MODE = wholemodule;
				SWIFT_OPTIMIZATION_LEVEL = "-O";
				VALIDATE_PRODUCT = YES;
			};
			name = Release;
		};
		B95606AD29B0F06800F95F78 /* Debug */ = {
			isa = XCBuildConfiguration;
			buildSettings = {
				ASSETCATALOG_COMPILER_APPICON_NAME = AppIcon;
				ASSETCATALOG_COMPILER_GLOBAL_ACCENT_COLOR_NAME = AccentColor;
				CODE_SIGN_STYLE = Automatic;
				CURRENT_PROJECT_VERSION = 1;
				GENERATE_INFOPLIST_FILE = YES;
				INFOPLIST_FILE = AppPrototype/Info.plist;
				INFOPLIST_KEY_UIApplicationSupportsIndirectInputEvents = YES;
				INFOPLIST_KEY_UILaunchStoryboardName = LaunchScreen;
				INFOPLIST_KEY_UIMainStoryboardFile = Main;
				INFOPLIST_KEY_UISupportedInterfaceOrientations_iPad = "UIInterfaceOrientationPortrait UIInterfaceOrientationPortraitUpsideDown UIInterfaceOrientationLandscapeLeft UIInterfaceOrientationLandscapeRight";
				INFOPLIST_KEY_UISupportedInterfaceOrientations_iPhone = "UIInterfaceOrientationPortrait UIInterfaceOrientationLandscapeLeft UIInterfaceOrientationLandscapeRight";
				LD_RUNPATH_SEARCH_PATHS = (
					"$(inherited)",
					"@executable_path/Frameworks",
				);
				MARKETING_VERSION = 1.0;
				PRODUCT_BUNDLE_IDENTIFIER = com.nat.AppPrototype;
				PRODUCT_NAME = "$(TARGET_NAME)";
				SWIFT_EMIT_LOC_STRINGS = YES;
				SWIFT_VERSION = 5.0;
				TARGETED_DEVICE_FAMILY = "1,2";
			};
			name = Debug;
		};
		B95606AE29B0F06800F95F78 /* Release */ = {
			isa = XCBuildConfiguration;
			buildSettings = {
				ASSETCATALOG_COMPILER_APPICON_NAME = AppIcon;
				ASSETCATALOG_COMPILER_GLOBAL_ACCENT_COLOR_NAME = AccentColor;
				CODE_SIGN_STYLE = Automatic;
				CURRENT_PROJECT_VERSION = 1;
				GENERATE_INFOPLIST_FILE = YES;
				INFOPLIST_FILE = AppPrototype/Info.plist;
				INFOPLIST_KEY_UIApplicationSupportsIndirectInputEvents = YES;
				INFOPLIST_KEY_UILaunchStoryboardName = LaunchScreen;
				INFOPLIST_KEY_UIMainStoryboardFile = Main;
				INFOPLIST_KEY_UISupportedInterfaceOrientations_iPad = "UIInterfaceOrientationPortrait UIInterfaceOrientationPortraitUpsideDown UIInterfaceOrientationLandscapeLeft UIInterfaceOrientationLandscapeRight";
				INFOPLIST_KEY_UISupportedInterfaceOrientations_iPhone = "UIInterfaceOrientationPortrait UIInterfaceOrientationLandscapeLeft UIInterfaceOrientationLandscapeRight";
				LD_RUNPATH_SEARCH_PATHS = (
					"$(inherited)",
					"@executable_path/Frameworks",
				);
				MARKETING_VERSION = 1.0;
				PRODUCT_BUNDLE_IDENTIFIER = com.nat.AppPrototype;
				PRODUCT_NAME = "$(TARGET_NAME)";
				SWIFT_EMIT_LOC_STRINGS = YES;
				SWIFT_VERSION = 5.0;
				TARGETED_DEVICE_FAMILY = "1,2";
			};
			name = Release;
		};
/* End XCBuildConfiguration section */

/* Begin XCConfigurationList section */
		B956069029B0F06800F95F78 /* Build configuration list for PBXProject "AppPrototype" */ = {
			isa = XCConfigurationList;
			buildConfigurations = (
				B95606AA29B0F06800F95F78 /* Debug */,
				B95606AB29B0F06800F95F78 /* Release */,
			);
			defaultConfigurationIsVisible = 0;
			defaultConfigurationName = Release;
		};
		B95606AC29B0F06800F95F78 /* Build configuration list for PBXNativeTarget "AppPrototype" */ = {
			isa = XCConfigurationList;
			buildConfigurations = (
				B95606AD29B0F06800F95F78 /* Debug */,
				B95606AE29B0F06800F95F78 /* Release */,
			);
			defaultConfigurationIsVisible = 0;
			defaultConfigurationName = Release;
		};
/* End XCConfigurationList section */

/* Begin XCVersionGroup section */
		B95606A129B0F06800F95F78 /* AppPrototype.xcdatamodeld */ = {
			isa = XCVersionGroup;
			children = (
				B95606A229B0F06800F95F78 /* AppPrototype.xcdatamodel */,
			);
			currentVersion = B95606A229B0F06800F95F78 /* AppPrototype.xcdatamodel */;
			path = AppPrototype.xcdatamodeld;
			sourceTree = "<group>";
			versionGroupType = wrapper.xcdatamodel;
		};
/* End XCVersionGroup section */
	};
	rootObject = B956068D29B0F06800F95F78 /* Project object */;
}
